
Microsoft Visual Studio Solution File, Format Version 12.00
Project("{FAE04EC0-301F-11D3-BF4B-00C04F79EFBC}") = "BasketSchools", "BasketSchools\BasketSchools.csproj", "{31175AA7-E4A3-4CC7-AEA4-3849A3D1F1F4}"
EndProject
Global
	GlobalSection(SolutionConfigurationPlatforms) = preSolution
		Debug|Any CPU = Debug|Any CPU
		Release|Any CPU = Release|Any CPU
	EndGlobalSection
	GlobalSection(ProjectConfigurationPlatforms) = postSolution
		{31175AA7-E4A3-4CC7-AEA4-3849A3D1F1F4}.Debug|Any CPU.ActiveCfg = Debug|Any CPU
		{31175AA7-E4A3-4CC7-AEA4-3849A3D1F1F4}.Debug|Any CPU.Build.0 = Debug|Any CPU
		{31175AA7-E4A3-4CC7-AEA4-3849A3D1F1F4}.Release|Any CPU.ActiveCfg = Release|Any CPU
		{31175AA7-E4A3-4CC7-AEA4-3849A3D1F1F4}.Release|Any CPU.Build.0 = Release|Any CPU
	EndGlobalSection
EndGlobal
